// !$*UTF8*$!
{
	archiveVersion = 1;
	classes = {
	};
	objectVersion = 50;
	objects = {

/* Begin PBXBuildFile section */
		1A6260FAC9AA5F9583CD66AE /* TicketCell.xib in Resources */ = {isa = PBXBuildFile; fileRef = 1A626B8E48BCD5CE84B96637 /* TicketCell.xib */; };
		1A6261C20F99BC210268DF93 /* Ticket.swift in Sources */ = {isa = PBXBuildFile; fileRef = 1A6262B132E28C6BB3AA12F2 /* Ticket.swift */; };
		1A6261CE44473C0126CFBF74 /* ExtendedListDiffable.swift in Sources */ = {isa = PBXBuildFile; fileRef = 1A62691EA660A2C274D3148A /* ExtendedListDiffable.swift */; };
		1A62631098252A839A239C88 /* Assets.xcassets in Resources */ = {isa = PBXBuildFile; fileRef = 1A626F48ACD792D6ABC9D4CC /* Assets.xcassets */; };
		1A6263276A24C878E0604B1F /* DepartureDataSource.swift in Sources */ = {isa = PBXBuildFile; fileRef = 1A62613318BF763097B1B594 /* DepartureDataSource.swift */; };
		1A626330A551004B8139D328 /* BaseController.swift in Sources */ = {isa = PBXBuildFile; fileRef = 1A6267967D84C6A50C92E3EB /* BaseController.swift */; };
		1A6263867C3C6143929A90B4 /* MainController.swift in Sources */ = {isa = PBXBuildFile; fileRef = 1A62663A04A1DBFC03484A30 /* MainController.swift */; };
		1A6263F6CD49DB7729880117 /* ItemModelUpdatable.swift in Sources */ = {isa = PBXBuildFile; fileRef = 1A62683C0B5C42F98A16D834 /* ItemModelUpdatable.swift */; };
		1A62640300EA53A06B7B4D4B /* BaseListSectionController.swift in Sources */ = {isa = PBXBuildFile; fileRef = 1A626371BDE71E57EBDAA9EE /* BaseListSectionController.swift */; };
		1A626420AA86BECF0968D9EA /* DepartureCell.xib in Resources */ = {isa = PBXBuildFile; fileRef = 1A626F936484E31610B20F52 /* DepartureCell.xib */; };
		1A62642228EA41A2DB1EAB36 /* TicketController.swift in Sources */ = {isa = PBXBuildFile; fileRef = 1A62676D044872860AF015DA /* TicketController.swift */; };
		1A6267C7D466B76D1D0B5C30 /* LaunchScreen.storyboard in Resources */ = {isa = PBXBuildFile; fileRef = 1A626D5BB6A91BA4B4EA10BD /* LaunchScreen.storyboard */; };
		1A6267EF6BB379A72262CFEB /* Departure.swift in Sources */ = {isa = PBXBuildFile; fileRef = 1A6264F2D02E528942AC4F4D /* Departure.swift */; };
		1A6268A97A103245DF25C822 /* TicketCell.swift in Sources */ = {isa = PBXBuildFile; fileRef = 1A62637EE931E47AB2B0703D /* TicketCell.swift */; };
		1A6269747F90A2E40C4A048C /* DepartureCell.swift in Sources */ = {isa = PBXBuildFile; fileRef = 1A6268474F23ADA28EDF93D2 /* DepartureCell.swift */; };
		1A6269FDA0B7B356C1E14FB2 /* DepartureSectionController.swift in Sources */ = {isa = PBXBuildFile; fileRef = 1A6268259F46AB20691CD0E8 /* DepartureSectionController.swift */; };
		1A626A67A1C88C2608157673 /* TicketSectionController.swift in Sources */ = {isa = PBXBuildFile; fileRef = 1A626CCF862422D48AE12A1F /* TicketSectionController.swift */; };
		1A626CA1A4BA90E94DB1F5D9 /* BaseCollectionViewCell.swift in Sources */ = {isa = PBXBuildFile; fileRef = 1A626C67BC3F410E0BB63703 /* BaseCollectionViewCell.swift */; };
		1A626DFF3B2C3DB66925F268 /* Adapter.swift in Sources */ = {isa = PBXBuildFile; fileRef = 1A626CDE831221C982D1E3F1 /* Adapter.swift */; };
		1A626E2433521BA50F4ECB96 /* TicketDataSource.swift in Sources */ = {isa = PBXBuildFile; fileRef = 1A626C44D5246031D78E5588 /* TicketDataSource.swift */; };
		1A626F6EA71FDE3FED08D392 /* DepartureController.swift in Sources */ = {isa = PBXBuildFile; fileRef = 1A626193906CCD6F1BA2B10B /* DepartureController.swift */; };
		B98C35642ED6247DDACD8317 /* Pods_test_iglistkit.framework in Frameworks */ = {isa = PBXBuildFile; fileRef = B9B861A951CE8E6BAF58E4EB /* Pods_test_iglistkit.framework */; };
		EC8159A5222585C100942D3C /* AppDelegate.swift in Sources */ = {isa = PBXBuildFile; fileRef = EC8159A4222585C100942D3C /* AppDelegate.swift */; };
/* End PBXBuildFile section */

/* Begin PBXFileReference section */
		1A62613318BF763097B1B594 /* DepartureDataSource.swift */ = {isa = PBXFileReference; fileEncoding = 4; lastKnownFileType = sourcecode.swift; path = DepartureDataSource.swift; sourceTree = "<group>"; };
		1A626193906CCD6F1BA2B10B /* DepartureController.swift */ = {isa = PBXFileReference; fileEncoding = 4; lastKnownFileType = sourcecode.swift; path = DepartureController.swift; sourceTree = "<group>"; };
		1A6262B132E28C6BB3AA12F2 /* Ticket.swift */ = {isa = PBXFileReference; fileEncoding = 4; lastKnownFileType = sourcecode.swift; path = Ticket.swift; sourceTree = "<group>"; };
		1A626371BDE71E57EBDAA9EE /* BaseListSectionController.swift */ = {isa = PBXFileReference; fileEncoding = 4; lastKnownFileType = sourcecode.swift; path = BaseListSectionController.swift; sourceTree = "<group>"; };
		1A62637EE931E47AB2B0703D /* TicketCell.swift */ = {isa = PBXFileReference; fileEncoding = 4; lastKnownFileType = sourcecode.swift; path = TicketCell.swift; sourceTree = "<group>"; };
		1A6264F2D02E528942AC4F4D /* Departure.swift */ = {isa = PBXFileReference; fileEncoding = 4; lastKnownFileType = sourcecode.swift; path = Departure.swift; sourceTree = "<group>"; };
		1A62663A04A1DBFC03484A30 /* MainController.swift */ = {isa = PBXFileReference; fileEncoding = 4; lastKnownFileType = sourcecode.swift; path = MainController.swift; sourceTree = "<group>"; };
		1A62676D044872860AF015DA /* TicketController.swift */ = {isa = PBXFileReference; fileEncoding = 4; lastKnownFileType = sourcecode.swift; path = TicketController.swift; sourceTree = "<group>"; };
		1A6267967D84C6A50C92E3EB /* BaseController.swift */ = {isa = PBXFileReference; fileEncoding = 4; lastKnownFileType = sourcecode.swift; path = BaseController.swift; sourceTree = "<group>"; };
		1A6268259F46AB20691CD0E8 /* DepartureSectionController.swift */ = {isa = PBXFileReference; fileEncoding = 4; lastKnownFileType = sourcecode.swift; path = DepartureSectionController.swift; sourceTree = "<group>"; };
		1A62683C0B5C42F98A16D834 /* ItemModelUpdatable.swift */ = {isa = PBXFileReference; fileEncoding = 4; lastKnownFileType = sourcecode.swift; path = ItemModelUpdatable.swift; sourceTree = "<group>"; };
		1A6268474F23ADA28EDF93D2 /* DepartureCell.swift */ = {isa = PBXFileReference; fileEncoding = 4; lastKnownFileType = sourcecode.swift; path = DepartureCell.swift; sourceTree = "<group>"; };
		1A62691EA660A2C274D3148A /* ExtendedListDiffable.swift */ = {isa = PBXFileReference; fileEncoding = 4; lastKnownFileType = sourcecode.swift; path = ExtendedListDiffable.swift; sourceTree = "<group>"; };
		1A626B8E48BCD5CE84B96637 /* TicketCell.xib */ = {isa = PBXFileReference; lastKnownFileType = file.xib; path = TicketCell.xib; sourceTree = "<group>"; };
		1A626C44D5246031D78E5588 /* TicketDataSource.swift */ = {isa = PBXFileReference; fileEncoding = 4; lastKnownFileType = sourcecode.swift; path = TicketDataSource.swift; sourceTree = "<group>"; };
		1A626C67BC3F410E0BB63703 /* BaseCollectionViewCell.swift */ = {isa = PBXFileReference; fileEncoding = 4; lastKnownFileType = sourcecode.swift; path = BaseCollectionViewCell.swift; sourceTree = "<group>"; };
		1A626CC300AFF34CDBC84755 /* Info.plist */ = {isa = PBXFileReference; fileEncoding = 4; lastKnownFileType = text.plist.info; path = Info.plist; sourceTree = "<group>"; };
		1A626CCF862422D48AE12A1F /* TicketSectionController.swift */ = {isa = PBXFileReference; fileEncoding = 4; lastKnownFileType = sourcecode.swift; path = TicketSectionController.swift; sourceTree = "<group>"; };
		1A626CDE831221C982D1E3F1 /* Adapter.swift */ = {isa = PBXFileReference; fileEncoding = 4; lastKnownFileType = sourcecode.swift; path = Adapter.swift; sourceTree = "<group>"; };
		1A626D5BB6A91BA4B4EA10BD /* LaunchScreen.storyboard */ = {isa = PBXFileReference; lastKnownFileType = file.storyboard; path = LaunchScreen.storyboard; sourceTree = "<group>"; };
		1A626F48ACD792D6ABC9D4CC /* Assets.xcassets */ = {isa = PBXFileReference; lastKnownFileType = folder.assetcatalog; path = Assets.xcassets; sourceTree = "<group>"; };
		1A626F936484E31610B20F52 /* DepartureCell.xib */ = {isa = PBXFileReference; lastKnownFileType = file.xib; path = DepartureCell.xib; sourceTree = "<group>"; };
		B9B861A951CE8E6BAF58E4EB /* Pods_test_iglistkit.framework */ = {isa = PBXFileReference; explicitFileType = wrapper.framework; includeInIndex = 0; path = Pods_test_iglistkit.framework; sourceTree = BUILT_PRODUCTS_DIR; };
		C9C95A59CE9A0B520171A212 /* Pods-test-iglistkit.debug.xcconfig */ = {isa = PBXFileReference; includeInIndex = 1; lastKnownFileType = text.xcconfig; name = "Pods-test-iglistkit.debug.xcconfig"; path = "Pods/Target Support Files/Pods-test-iglistkit/Pods-test-iglistkit.debug.xcconfig"; sourceTree = "<group>"; };
		EB31102D10896259492E9089 /* Pods-test-iglistkit.release.xcconfig */ = {isa = PBXFileReference; includeInIndex = 1; lastKnownFileType = text.xcconfig; name = "Pods-test-iglistkit.release.xcconfig"; path = "Pods/Target Support Files/Pods-test-iglistkit/Pods-test-iglistkit.release.xcconfig"; sourceTree = "<group>"; };
		EC8159A1222585C100942D3C /* test-iglistkit.app */ = {isa = PBXFileReference; explicitFileType = wrapper.application; includeInIndex = 0; path = "test-iglistkit.app"; sourceTree = BUILT_PRODUCTS_DIR; };
		EC8159A4222585C100942D3C /* AppDelegate.swift */ = {isa = PBXFileReference; lastKnownFileType = sourcecode.swift; path = AppDelegate.swift; sourceTree = "<group>"; };
/* End PBXFileReference section */

/* Begin PBXFrameworksBuildPhase section */
		EC81599E222585C000942D3C /* Frameworks */ = {
			isa = PBXFrameworksBuildPhase;
			buildActionMask = 2147483647;
			files = (
				B98C35642ED6247DDACD8317 /* Pods_test_iglistkit.framework in Frameworks */,
			);
			runOnlyForDeploymentPostprocessing = 0;
		};
/* End PBXFrameworksBuildPhase section */

/* Begin PBXGroup section */
		1A626047DBB3216C938832E8 /* Departure */ = {
			isa = PBXGroup;
			children = (
				1A6268474F23ADA28EDF93D2 /* DepartureCell.swift */,
				1A6268259F46AB20691CD0E8 /* DepartureSectionController.swift */,
				1A62613318BF763097B1B594 /* DepartureDataSource.swift */,
				1A6264F2D02E528942AC4F4D /* Departure.swift */,
				1A626193906CCD6F1BA2B10B /* DepartureController.swift */,
				1A626F936484E31610B20F52 /* DepartureCell.xib */,
			);
			path = Departure;
			sourceTree = "<group>";
		};
		1A62635DD1BDBE84568B993D /* Resources */ = {
			isa = PBXGroup;
			children = (
				1A626F48ACD792D6ABC9D4CC /* Assets.xcassets */,
				1A626D5BB6A91BA4B4EA10BD /* LaunchScreen.storyboard */,
				1A626CC300AFF34CDBC84755 /* Info.plist */,
			);
			path = Resources;
			sourceTree = "<group>";
		};
		1A6269A43CA6A8335EF947C8 /* Helpers */ = {
			isa = PBXGroup;
			children = (
				1A62691EA660A2C274D3148A /* ExtendedListDiffable.swift */,
				1A626CDE831221C982D1E3F1 /* Adapter.swift */,
				1A626C67BC3F410E0BB63703 /* BaseCollectionViewCell.swift */,
				1A6267967D84C6A50C92E3EB /* BaseController.swift */,
				1A62683C0B5C42F98A16D834 /* ItemModelUpdatable.swift */,
				1A626371BDE71E57EBDAA9EE /* BaseListSectionController.swift */,
			);
			path = Helpers;
			sourceTree = "<group>";
		};
		1A626C84132F44B610EC5708 /* Ticket */ = {
			isa = PBXGroup;
			children = (
				1A626C44D5246031D78E5588 /* TicketDataSource.swift */,
				1A6262B132E28C6BB3AA12F2 /* Ticket.swift */,
				1A626CCF862422D48AE12A1F /* TicketSectionController.swift */,
				1A62637EE931E47AB2B0703D /* TicketCell.swift */,
				1A62676D044872860AF015DA /* TicketController.swift */,
				1A626B8E48BCD5CE84B96637 /* TicketCell.xib */,
			);
			path = Ticket;
			sourceTree = "<group>";
		};
		25FCAA7C628E204B4EA89C79 /* Pods */ = {
			isa = PBXGroup;
			children = (
				C9C95A59CE9A0B520171A212 /* Pods-test-iglistkit.debug.xcconfig */,
				EB31102D10896259492E9089 /* Pods-test-iglistkit.release.xcconfig */,
			);
			name = Pods;
			sourceTree = "<group>";
		};
		857F8328C7471814ABB48E8B /* Frameworks */ = {
			isa = PBXGroup;
			children = (
				B9B861A951CE8E6BAF58E4EB /* Pods_test_iglistkit.framework */,
			);
			name = Frameworks;
			sourceTree = "<group>";
		};
		EC815998222585C000942D3C = {
			isa = PBXGroup;
			children = (
				EC8159A3222585C100942D3C /* test-iglistkit */,
				EC8159A2222585C100942D3C /* Products */,
				25FCAA7C628E204B4EA89C79 /* Pods */,
				857F8328C7471814ABB48E8B /* Frameworks */,
			);
			sourceTree = "<group>";
		};
		EC8159A2222585C100942D3C /* Products */ = {
			isa = PBXGroup;
			children = (
				EC8159A1222585C100942D3C /* test-iglistkit.app */,
			);
			name = Products;
			sourceTree = "<group>";
		};
		EC8159A3222585C100942D3C /* test-iglistkit */ = {
			isa = PBXGroup;
			children = (
				EC8159A4222585C100942D3C /* AppDelegate.swift */,
				1A6269A43CA6A8335EF947C8 /* Helpers */,
				1A626047DBB3216C938832E8 /* Departure */,
				1A626C84132F44B610EC5708 /* Ticket */,
				1A62663A04A1DBFC03484A30 /* MainController.swift */,
				1A62635DD1BDBE84568B993D /* Resources */,
			);
			path = "test-iglistkit";
			sourceTree = "<group>";
		};
/* End PBXGroup section */

/* Begin PBXNativeTarget section */
		EC8159A0222585C000942D3C /* test-iglistkit */ = {
			isa = PBXNativeTarget;
			buildConfigurationList = EC8159B3222585C200942D3C /* Build configuration list for PBXNativeTarget "test-iglistkit" */;
			buildPhases = (
				8F0080C00DAEC52442550DB1 /* [CP] Check Pods Manifest.lock */,
				EC81599D222585C000942D3C /* Sources */,
				EC81599E222585C000942D3C /* Frameworks */,
				EC81599F222585C000942D3C /* Resources */,
				6C47A54CF040FF9D0008A23B /* [CP] Embed Pods Frameworks */,
				ECFDA70322258926003FBB61 /* SwiftLint */,
			);
			buildRules = (
			);
			dependencies = (
			);
			name = "test-iglistkit";
			productName = "test-iglistkit";
			productReference = EC8159A1222585C100942D3C /* test-iglistkit.app */;
			productType = "com.apple.product-type.application";
		};
/* End PBXNativeTarget section */

/* Begin PBXProject section */
		EC815999222585C000942D3C /* Project object */ = {
			isa = PBXProject;
			attributes = {
				LastSwiftUpdateCheck = 1010;
				LastUpgradeCheck = 1010;
				ORGANIZATIONNAME = "Vertica A/S";
				TargetAttributes = {
					EC8159A0222585C000942D3C = {
						CreatedOnToolsVersion = 10.1;
					};
				};
			};
			buildConfigurationList = EC81599C222585C000942D3C /* Build configuration list for PBXProject "test-iglistkit" */;
			compatibilityVersion = "Xcode 9.3";
			developmentRegion = en;
			hasScannedForEncodings = 0;
			knownRegions = (
				en,
				Base,
			);
			mainGroup = EC815998222585C000942D3C;
			productRefGroup = EC8159A2222585C100942D3C /* Products */;
			projectDirPath = "";
			projectRoot = "";
			targets = (
				EC8159A0222585C000942D3C /* test-iglistkit */,
			);
		};
/* End PBXProject section */

/* Begin PBXResourcesBuildPhase section */
		EC81599F222585C000942D3C /* Resources */ = {
			isa = PBXResourcesBuildPhase;
			buildActionMask = 2147483647;
			files = (
				1A626420AA86BECF0968D9EA /* DepartureCell.xib in Resources */,
				1A6260FAC9AA5F9583CD66AE /* TicketCell.xib in Resources */,
				1A62631098252A839A239C88 /* Assets.xcassets in Resources */,
				1A6267C7D466B76D1D0B5C30 /* LaunchScreen.storyboard in Resources */,
			);
			runOnlyForDeploymentPostprocessing = 0;
		};
/* End PBXResourcesBuildPhase section */

/* Begin PBXShellScriptBuildPhase section */
		6C47A54CF040FF9D0008A23B /* [CP] Embed Pods Frameworks */ = {
			isa = PBXShellScriptBuildPhase;
			buildActionMask = 2147483647;
			files = (
			);
			inputFileListPaths = (
			);
			inputPaths = (
				"${SRCROOT}/Pods/Target Support Files/Pods-test-iglistkit/Pods-test-iglistkit-frameworks.sh",
				"${BUILT_PRODUCTS_DIR}/IGListKit/IGListKit.framework",
			);
			name = "[CP] Embed Pods Frameworks";
			outputFileListPaths = (
			);
			outputPaths = (
				"${TARGET_BUILD_DIR}/${FRAMEWORKS_FOLDER_PATH}/IGListKit.framework",
			);
			runOnlyForDeploymentPostprocessing = 0;
			shellPath = /bin/sh;
			shellScript = "\"${SRCROOT}/Pods/Target Support Files/Pods-test-iglistkit/Pods-test-iglistkit-frameworks.sh\"\n";
			showEnvVarsInLog = 0;
		};
		8F0080C00DAEC52442550DB1 /* [CP] Check Pods Manifest.lock */ = {
			isa = PBXShellScriptBuildPhase;
			buildActionMask = 2147483647;
			files = (
			);
			inputFileListPaths = (
			);
			inputPaths = (
				"${PODS_PODFILE_DIR_PATH}/Podfile.lock",
				"${PODS_ROOT}/Manifest.lock",
			);
			name = "[CP] Check Pods Manifest.lock";
			outputFileListPaths = (
			);
			outputPaths = (
				"$(DERIVED_FILE_DIR)/Pods-test-iglistkit-checkManifestLockResult.txt",
			);
			runOnlyForDeploymentPostprocessing = 0;
			shellPath = /bin/sh;
			shellScript = "diff \"${PODS_PODFILE_DIR_PATH}/Podfile.lock\" \"${PODS_ROOT}/Manifest.lock\" > /dev/null\nif [ $? != 0 ] ; then\n    # print error to STDERR\n    echo \"error: The sandbox is not in sync with the Podfile.lock. Run 'pod install' or update your CocoaPods installation.\" >&2\n    exit 1\nfi\n# This output is used by Xcode 'outputs' to avoid re-running this script phase.\necho \"SUCCESS\" > \"${SCRIPT_OUTPUT_FILE_0}\"\n";
			showEnvVarsInLog = 0;
		};
		ECFDA70322258926003FBB61 /* SwiftLint */ = {
			isa = PBXShellScriptBuildPhase;
			buildActionMask = 2147483647;
			files = (
			);
			inputFileListPaths = (
			);
			inputPaths = (
			);
			name = SwiftLint;
			outputFileListPaths = (
			);
			outputPaths = (
			);
			runOnlyForDeploymentPostprocessing = 0;
			shellPath = /bin/sh;
			shellScript = "\"${PODS_ROOT}/SwiftLint/swiftlint\"\n";
		};
/* End PBXShellScriptBuildPhase section */

/* Begin PBXSourcesBuildPhase section */
		EC81599D222585C000942D3C /* Sources */ = {
			isa = PBXSourcesBuildPhase;
			buildActionMask = 2147483647;
			files = (
				EC8159A5222585C100942D3C /* AppDelegate.swift in Sources */,
				1A6261CE44473C0126CFBF74 /* ExtendedListDiffable.swift in Sources */,
				1A626DFF3B2C3DB66925F268 /* Adapter.swift in Sources */,
				1A626CA1A4BA90E94DB1F5D9 /* BaseCollectionViewCell.swift in Sources */,
				1A626330A551004B8139D328 /* BaseController.swift in Sources */,
				1A6263F6CD49DB7729880117 /* ItemModelUpdatable.swift in Sources */,
				1A62640300EA53A06B7B4D4B /* BaseListSectionController.swift in Sources */,
				1A6269747F90A2E40C4A048C /* DepartureCell.swift in Sources */,
				1A6269FDA0B7B356C1E14FB2 /* DepartureSectionController.swift in Sources */,
				1A6263276A24C878E0604B1F /* DepartureDataSource.swift in Sources */,
				1A6267EF6BB379A72262CFEB /* Departure.swift in Sources */,
				1A626F6EA71FDE3FED08D392 /* DepartureController.swift in Sources */,
				1A626E2433521BA50F4ECB96 /* TicketDataSource.swift in Sources */,
				1A6261C20F99BC210268DF93 /* Ticket.swift in Sources */,
				1A626A67A1C88C2608157673 /* TicketSectionController.swift in Sources */,
				1A6268A97A103245DF25C822 /* TicketCell.swift in Sources */,
				1A62642228EA41A2DB1EAB36 /* TicketController.swift in Sources */,
				1A6263867C3C6143929A90B4 /* MainController.swift in Sources */,
			);
			runOnlyForDeploymentPostprocessing = 0;
		};
/* End PBXSourcesBuildPhase section */

/* Begin XCBuildConfiguration section */
		EC8159B1222585C200942D3C /* Debug */ = {
			isa = XCBuildConfiguration;
			buildSettings = {
				ALWAYS_SEARCH_USER_PATHS = NO;
				CLANG_ANALYZER_NONNULL = YES;
				CLANG_ANALYZER_NUMBER_OBJECT_CONVERSION = YES_AGGRESSIVE;
				CLANG_CXX_LANGUAGE_STANDARD = "gnu++14";
				CLANG_CXX_LIBRARY = "libc++";
				CLANG_ENABLE_MODULES = YES;
				CLANG_ENABLE_OBJC_ARC = YES;
				CLANG_ENABLE_OBJC_WEAK = YES;
				CLANG_WARN_BLOCK_CAPTURE_AUTORELEASING = YES;
				CLANG_WARN_BOOL_CONVERSION = YES;
				CLANG_WARN_COMMA = YES;
				CLANG_WARN_CONSTANT_CONVERSION = YES;
				CLANG_WARN_DEPRECATED_OBJC_IMPLEMENTATIONS = YES;
				CLANG_WARN_DIRECT_OBJC_ISA_USAGE = YES_ERROR;
				CLANG_WARN_DOCUMENTATION_COMMENTS = YES;
				CLANG_WARN_EMPTY_BODY = YES;
				CLANG_WARN_ENUM_CONVERSION = YES;
				CLANG_WARN_INFINITE_RECURSION = YES;
				CLANG_WARN_INT_CONVERSION = YES;
				CLANG_WARN_NON_LITERAL_NULL_CONVERSION = YES;
				CLANG_WARN_OBJC_IMPLICIT_RETAIN_SELF = YES;
				CLANG_WARN_OBJC_LITERAL_CONVERSION = YES;
				CLANG_WARN_OBJC_ROOT_CLASS = YES_ERROR;
				CLANG_WARN_RANGE_LOOP_ANALYSIS = YES;
				CLANG_WARN_STRICT_PROTOTYPES = YES;
				CLANG_WARN_SUSPICIOUS_MOVE = YES;
				CLANG_WARN_UNGUARDED_AVAILABILITY = YES_AGGRESSIVE;
				CLANG_WARN_UNREACHABLE_CODE = YES;
				CLANG_WARN__DUPLICATE_METHOD_MATCH = YES;
				CODE_SIGN_IDENTITY = "iPhone Developer";
				COPY_PHASE_STRIP = NO;
				DEBUG_INFORMATION_FORMAT = dwarf;
				ENABLE_STRICT_OBJC_MSGSEND = YES;
				ENABLE_TESTABILITY = YES;
				GCC_C_LANGUAGE_STANDARD = gnu11;
				GCC_DYNAMIC_NO_PIC = NO;
				GCC_NO_COMMON_BLOCKS = YES;
				GCC_OPTIMIZATION_LEVEL = 0;
				GCC_PREPROCESSOR_DEFINITIONS = (
					"DEBUG=1",
					"$(inherited)",
				);
				GCC_WARN_64_TO_32_BIT_CONVERSION = YES;
				GCC_WARN_ABOUT_RETURN_TYPE = YES_ERROR;
				GCC_WARN_UNDECLARED_SELECTOR = YES;
				GCC_WARN_UNINITIALIZED_AUTOS = YES_AGGRESSIVE;
				GCC_WARN_UNUSED_FUNCTION = YES;
				GCC_WARN_UNUSED_VARIABLE = YES;
				IPHONEOS_DEPLOYMENT_TARGET = 12.1;
				MTL_ENABLE_DEBUG_INFO = INCLUDE_SOURCE;
				MTL_FAST_MATH = YES;
				ONLY_ACTIVE_ARCH = YES;
				SDKROOT = iphoneos;
				SWIFT_ACTIVE_COMPILATION_CONDITIONS = DEBUG;
				SWIFT_OPTIMIZATION_LEVEL = "-Onone";
			};
			name = Debug;
		};
		EC8159B2222585C200942D3C /* Release */ = {
			isa = XCBuildConfiguration;
			buildSettings = {
				ALWAYS_SEARCH_USER_PATHS = NO;
				CLANG_ANALYZER_NONNULL = YES;
				CLANG_ANALYZER_NUMBER_OBJECT_CONVERSION = YES_AGGRESSIVE;
				CLANG_CXX_LANGUAGE_STANDARD = "gnu++14";
				CLANG_CXX_LIBRARY = "libc++";
				CLANG_ENABLE_MODULES = YES;
				CLANG_ENABLE_OBJC_ARC = YES;
				CLANG_ENABLE_OBJC_WEAK = YES;
				CLANG_WARN_BLOCK_CAPTURE_AUTORELEASING = YES;
				CLANG_WARN_BOOL_CONVERSION = YES;
				CLANG_WARN_COMMA = YES;
				CLANG_WARN_CONSTANT_CONVERSION = YES;
				CLANG_WARN_DEPRECATED_OBJC_IMPLEMENTATIONS = YES;
				CLANG_WARN_DIRECT_OBJC_ISA_USAGE = YES_ERROR;
				CLANG_WARN_DOCUMENTATION_COMMENTS = YES;
				CLANG_WARN_EMPTY_BODY = YES;
				CLANG_WARN_ENUM_CONVERSION = YES;
				CLANG_WARN_INFINITE_RECURSION = YES;
				CLANG_WARN_INT_CONVERSION = YES;
				CLANG_WARN_NON_LITERAL_NULL_CONVERSION = YES;
				CLANG_WARN_OBJC_IMPLICIT_RETAIN_SELF = YES;
				CLANG_WARN_OBJC_LITERAL_CONVERSION = YES;
				CLANG_WARN_OBJC_ROOT_CLASS = YES_ERROR;
				CLANG_WARN_RANGE_LOOP_ANALYSIS = YES;
				CLANG_WARN_STRICT_PROTOTYPES = YES;
				CLANG_WARN_SUSPICIOUS_MOVE = YES;
				CLANG_WARN_UNGUARDED_AVAILABILITY = YES_AGGRESSIVE;
				CLANG_WARN_UNREACHABLE_CODE = YES;
				CLANG_WARN__DUPLICATE_METHOD_MATCH = YES;
				CODE_SIGN_IDENTITY = "iPhone Developer";
				COPY_PHASE_STRIP = NO;
				DEBUG_INFORMATION_FORMAT = "dwarf-with-dsym";
				ENABLE_NS_ASSERTIONS = NO;
				ENABLE_STRICT_OBJC_MSGSEND = YES;
				GCC_C_LANGUAGE_STANDARD = gnu11;
				GCC_NO_COMMON_BLOCKS = YES;
				GCC_WARN_64_TO_32_BIT_CONVERSION = YES;
				GCC_WARN_ABOUT_RETURN_TYPE = YES_ERROR;
				GCC_WARN_UNDECLARED_SELECTOR = YES;
				GCC_WARN_UNINITIALIZED_AUTOS = YES_AGGRESSIVE;
				GCC_WARN_UNUSED_FUNCTION = YES;
				GCC_WARN_UNUSED_VARIABLE = YES;
				IPHONEOS_DEPLOYMENT_TARGET = 12.1;
				MTL_ENABLE_DEBUG_INFO = NO;
				MTL_FAST_MATH = YES;
				SDKROOT = iphoneos;
				SWIFT_COMPILATION_MODE = wholemodule;
				SWIFT_OPTIMIZATION_LEVEL = "-O";
				VALIDATE_PRODUCT = YES;
			};
			name = Release;
		};
		EC8159B4222585C200942D3C /* Debug */ = {
			isa = XCBuildConfiguration;
			baseConfigurationReference = C9C95A59CE9A0B520171A212 /* Pods-test-iglistkit.debug.xcconfig */;
			buildSettings = {
				ASSETCATALOG_COMPILER_APPICON_NAME = AppIcon;
				CODE_SIGN_STYLE = Automatic;
				DEVELOPMENT_TEAM = QGARR49P23;
				INFOPLIST_FILE = "test-iglistkit/Resources/Info.plist";
				IPHONEOS_DEPLOYMENT_TARGET = 10.0;
				LD_RUNPATH_SEARCH_PATHS = (
					"$(inherited)",
					"@executable_path/Frameworks",
				);
				PRODUCT_BUNDLE_IDENTIFIER = "dk.vertica.test-iglistkit";
				PRODUCT_NAME = "$(TARGET_NAME)";
				SWIFT_VERSION = 4.2;
				TARGETED_DEVICE_FAMILY = 1;
			};
			name = Debug;
		};
		EC8159B5222585C200942D3C /* Release */ = {
			isa = XCBuildConfiguration;
			baseConfigurationReference = EB31102D10896259492E9089 /* Pods-test-iglistkit.release.xcconfig */;
			buildSettings = {
				ASSETCATALOG_COMPILER_APPICON_NAME = AppIcon;
				CODE_SIGN_STYLE = Automatic;
				DEVELOPMENT_TEAM = QGARR49P23;
				INFOPLIST_FILE = "test-iglistkit/Resources/Info.plist";
				IPHONEOS_DEPLOYMENT_TARGET = 10.0;
				LD_RUNPATH_SEARCH_PATHS = (
					"$(inherited)",
					"@executable_path/Frameworks",
				);
				PRODUCT_BUNDLE_IDENTIFIER = "dk.vertica.test-iglistkit";
				PRODUCT_NAME = "$(TARGET_NAME)";
				SWIFT_VERSION = 4.2;
				TARGETED_DEVICE_FAMILY = 1;
			};
			name = Release;
		};
/* End XCBuildConfiguration section */

/* Begin XCConfigurationList section */
		EC81599C222585C000942D3C /* Build configuration list for PBXProject "test-iglistkit" */ = {
			isa = XCConfigurationList;
			buildConfigurations = (
				EC8159B1222585C200942D3C /* Debug */,
				EC8159B2222585C200942D3C /* Release */,
			);
			defaultConfigurationIsVisible = 0;
			defaultConfigurationName = Release;
		};
		EC8159B3222585C200942D3C /* Build configuration list for PBXNativeTarget "test-iglistkit" */ = {
			isa = XCConfigurationList;
			buildConfigurations = (
				EC8159B4222585C200942D3C /* Debug */,
				EC8159B5222585C200942D3C /* Release */,
			);
			defaultConfigurationIsVisible = 0;
			defaultConfigurationName = Release;
		};
/* End XCConfigurationList section */
	};
	rootObject = EC815999222585C000942D3C /* Project object */;
}
